// !$*UTF8*$!
{
	archiveVersion = 1;
	classes = {
	};
	objectVersion = 50;
	objects = {

/* Begin PBXBuildFile section */
		D1B74A8320F5765C0006231C /* KRIndicatorController.framework in Frameworks */ = {isa = PBXBuildFile; fileRef = D1B74A7920F5765C0006231C /* KRIndicatorController.framework */; };
		D1B74A8820F5765C0006231C /* KRIndicatorControllerTests.swift in Sources */ = {isa = PBXBuildFile; fileRef = D1B74A8720F5765C0006231C /* KRIndicatorControllerTests.swift */; };
		D1B74A9420F576C90006231C /* IndicatorController.swift in Sources */ = {isa = PBXBuildFile; fileRef = D1B74A9320F576C90006231C /* IndicatorController.swift */; };
		D1B74A9820F578DC0006231C /* IndicatorItem.swift in Sources */ = {isa = PBXBuildFile; fileRef = D1B74A9720F578DC0006231C /* IndicatorItem.swift */; };
		D1B74A9A20F579480006231C /* DefaultIndicator.swift in Sources */ = {isa = PBXBuildFile; fileRef = D1B74A9920F579480006231C /* DefaultIndicator.swift */; };
		D1B74AA520F58DDE0006231C /* AppDelegate.swift in Sources */ = {isa = PBXBuildFile; fileRef = D1B74AA420F58DDE0006231C /* AppDelegate.swift */; };
		D1B74AA720F58DDE0006231C /* ViewController.swift in Sources */ = {isa = PBXBuildFile; fileRef = D1B74AA620F58DDE0006231C /* ViewController.swift */; };
		D1B74AAA20F58DDE0006231C /* Main.storyboard in Resources */ = {isa = PBXBuildFile; fileRef = D1B74AA820F58DDE0006231C /* Main.storyboard */; };
		D1B74AAC20F58DE10006231C /* Assets.xcassets in Resources */ = {isa = PBXBuildFile; fileRef = D1B74AAB20F58DE10006231C /* Assets.xcassets */; };
		D1B74AAF20F58DE10006231C /* LaunchScreen.storyboard in Resources */ = {isa = PBXBuildFile; fileRef = D1B74AAD20F58DE10006231C /* LaunchScreen.storyboard */; };
		D1B74AB520F594D40006231C /* CustomIndicator.swift in Sources */ = {isa = PBXBuildFile; fileRef = D1B74AB420F594D40006231C /* CustomIndicator.swift */; };
		D1B74AB720F59FD40006231C /* KRIndicatorController.framework in Frameworks */ = {isa = PBXBuildFile; fileRef = D1B74A7920F5765C0006231C /* KRIndicatorController.framework */; };
/* End PBXBuildFile section */

/* Begin PBXContainerItemProxy section */
		D1B74A8420F5765C0006231C /* PBXContainerItemProxy */ = {
			isa = PBXContainerItemProxy;
			containerPortal = D1B74A7020F5765C0006231C /* Project object */;
			proxyType = 1;
			remoteGlobalIDString = D1B74A7820F5765C0006231C;
			remoteInfo = KRIndicatorController;
		};
/* End PBXContainerItemProxy section */

/* Begin PBXFileReference section */
		D1B74A7920F5765C0006231C /* KRIndicatorController.framework */ = {isa = PBXFileReference; explicitFileType = wrapper.framework; includeInIndex = 0; path = KRIndicatorController.framework; sourceTree = BUILT_PRODUCTS_DIR; };
		D1B74A7D20F5765C0006231C /* Info.plist */ = {isa = PBXFileReference; lastKnownFileType = text.plist.xml; path = Info.plist; sourceTree = "<group>"; };
		D1B74A8220F5765C0006231C /* KRIndicatorControllerTests.xctest */ = {isa = PBXFileReference; explicitFileType = wrapper.cfbundle; includeInIndex = 0; path = KRIndicatorControllerTests.xctest; sourceTree = BUILT_PRODUCTS_DIR; };
		D1B74A8720F5765C0006231C /* KRIndicatorControllerTests.swift */ = {isa = PBXFileReference; lastKnownFileType = sourcecode.swift; path = KRIndicatorControllerTests.swift; sourceTree = "<group>"; };
		D1B74A8920F5765C0006231C /* Info.plist */ = {isa = PBXFileReference; lastKnownFileType = text.plist.xml; path = Info.plist; sourceTree = "<group>"; };
		D1B74A9320F576C90006231C /* IndicatorController.swift */ = {isa = PBXFileReference; lastKnownFileType = sourcecode.swift; path = IndicatorController.swift; sourceTree = "<group>"; };
		D1B74A9720F578DC0006231C /* IndicatorItem.swift */ = {isa = PBXFileReference; lastKnownFileType = sourcecode.swift; path = IndicatorItem.swift; sourceTree = "<group>"; };
		D1B74A9920F579480006231C /* DefaultIndicator.swift */ = {isa = PBXFileReference; lastKnownFileType = sourcecode.swift; path = DefaultIndicator.swift; sourceTree = "<group>"; };
		D1B74AA220F58DDE0006231C /* KRIndicatorControllerExample.app */ = {isa = PBXFileReference; explicitFileType = wrapper.application; includeInIndex = 0; path = KRIndicatorControllerExample.app; sourceTree = BUILT_PRODUCTS_DIR; };
		D1B74AA420F58DDE0006231C /* AppDelegate.swift */ = {isa = PBXFileReference; lastKnownFileType = sourcecode.swift; path = AppDelegate.swift; sourceTree = "<group>"; };
		D1B74AA620F58DDE0006231C /* ViewController.swift */ = {isa = PBXFileReference; lastKnownFileType = sourcecode.swift; path = ViewController.swift; sourceTree = "<group>"; };
		D1B74AA920F58DDE0006231C /* Base */ = {isa = PBXFileReference; lastKnownFileType = file.storyboard; name = Base; path = Base.lproj/Main.storyboard; sourceTree = "<group>"; };
		D1B74AAB20F58DE10006231C /* Assets.xcassets */ = {isa = PBXFileReference; lastKnownFileType = folder.assetcatalog; path = Assets.xcassets; sourceTree = "<group>"; };
		D1B74AAE20F58DE10006231C /* Base */ = {isa = PBXFileReference; lastKnownFileType = file.storyboard; name = Base; path = Base.lproj/LaunchScreen.storyboard; sourceTree = "<group>"; };
		D1B74AB020F58DE10006231C /* Info.plist */ = {isa = PBXFileReference; lastKnownFileType = text.plist.xml; path = Info.plist; sourceTree = "<group>"; };
		D1B74AB420F594D40006231C /* CustomIndicator.swift */ = {isa = PBXFileReference; lastKnownFileType = sourcecode.swift; path = CustomIndicator.swift; sourceTree = "<group>"; };
/* End PBXFileReference section */

/* Begin PBXFrameworksBuildPhase section */
		D1B74A7520F5765C0006231C /* Frameworks */ = {
			isa = PBXFrameworksBuildPhase;
			buildActionMask = 2147483647;
			files = (
			);
			runOnlyForDeploymentPostprocessing = 0;
		};
		D1B74A7F20F5765C0006231C /* Frameworks */ = {
			isa = PBXFrameworksBuildPhase;
			buildActionMask = 2147483647;
			files = (
				D1B74A8320F5765C0006231C /* KRIndicatorController.framework in Frameworks */,
			);
			runOnlyForDeploymentPostprocessing = 0;
		};
		D1B74A9F20F58DDE0006231C /* Frameworks */ = {
			isa = PBXFrameworksBuildPhase;
			buildActionMask = 2147483647;
			files = (
				D1B74AB720F59FD40006231C /* KRIndicatorController.framework in Frameworks */,
			);
			runOnlyForDeploymentPostprocessing = 0;
		};
/* End PBXFrameworksBuildPhase section */

/* Begin PBXGroup section */
		D1B74A6F20F5765C0006231C = {
			isa = PBXGroup;
			children = (
				D1B74A7B20F5765C0006231C /* KRIndicatorController */,
				D1B74A8620F5765C0006231C /* KRIndicatorControllerTests */,
				D1B74AA320F58DDE0006231C /* KRIndicatorControllerExample */,
				D1B74A7A20F5765C0006231C /* Products */,
				D1B74AB620F59FD40006231C /* Frameworks */,
			);
			sourceTree = "<group>";
		};
		D1B74A7A20F5765C0006231C /* Products */ = {
			isa = PBXGroup;
			children = (
				D1B74A7920F5765C0006231C /* KRIndicatorController.framework */,
				D1B74A8220F5765C0006231C /* KRIndicatorControllerTests.xctest */,
				D1B74AA220F58DDE0006231C /* KRIndicatorControllerExample.app */,
			);
			name = Products;
			sourceTree = "<group>";
		};
		D1B74A7B20F5765C0006231C /* KRIndicatorController */ = {
			isa = PBXGroup;
			children = (
				D1B74A9320F576C90006231C /* IndicatorController.swift */,
				D1B74A9720F578DC0006231C /* IndicatorItem.swift */,
				D1B74A9920F579480006231C /* DefaultIndicator.swift */,
				D1B74A7D20F5765C0006231C /* Info.plist */,
			);
			path = KRIndicatorController;
			sourceTree = "<group>";
		};
		D1B74A8620F5765C0006231C /* KRIndicatorControllerTests */ = {
			isa = PBXGroup;
			children = (
				D1B74A8720F5765C0006231C /* KRIndicatorControllerTests.swift */,
				D1B74A8920F5765C0006231C /* Info.plist */,
			);
			path = KRIndicatorControllerTests;
			sourceTree = "<group>";
		};
		D1B74AA320F58DDE0006231C /* KRIndicatorControllerExample */ = {
			isa = PBXGroup;
			children = (
				D1B74AA420F58DDE0006231C /* AppDelegate.swift */,
				D1B74AA620F58DDE0006231C /* ViewController.swift */,
				D1B74AB420F594D40006231C /* CustomIndicator.swift */,
				D1B74AA820F58DDE0006231C /* Main.storyboard */,
				D1B74AAB20F58DE10006231C /* Assets.xcassets */,
				D1B74AAD20F58DE10006231C /* LaunchScreen.storyboard */,
				D1B74AB020F58DE10006231C /* Info.plist */,
			);
			path = KRIndicatorControllerExample;
			sourceTree = "<group>";
		};
		D1B74AB620F59FD40006231C /* Frameworks */ = {
			isa = PBXGroup;
			children = (
			);
			name = Frameworks;
			sourceTree = "<group>";
		};
/* End PBXGroup section */

/* Begin PBXHeadersBuildPhase section */
		D1B74A7620F5765C0006231C /* Headers */ = {
			isa = PBXHeadersBuildPhase;
			buildActionMask = 2147483647;
			files = (
			);
			runOnlyForDeploymentPostprocessing = 0;
		};
/* End PBXHeadersBuildPhase section */

/* Begin PBXNativeTarget section */
		D1B74A7820F5765C0006231C /* KRIndicatorController */ = {
			isa = PBXNativeTarget;
			buildConfigurationList = D1B74A8D20F5765C0006231C /* Build configuration list for PBXNativeTarget "KRIndicatorController" */;
			buildPhases = (
				D1B74A7420F5765C0006231C /* Sources */,
				D1B74A7520F5765C0006231C /* Frameworks */,
				D1B74A7620F5765C0006231C /* Headers */,
				D1B74A7720F5765C0006231C /* Resources */,
			);
			buildRules = (
			);
			dependencies = (
			);
			name = KRIndicatorController;
			productName = KRIndicatorController;
			productReference = D1B74A7920F5765C0006231C /* KRIndicatorController.framework */;
			productType = "com.apple.product-type.framework";
		};
		D1B74A8120F5765C0006231C /* KRIndicatorControllerTests */ = {
			isa = PBXNativeTarget;
			buildConfigurationList = D1B74A9020F5765C0006231C /* Build configuration list for PBXNativeTarget "KRIndicatorControllerTests" */;
			buildPhases = (
				D1B74A7E20F5765C0006231C /* Sources */,
				D1B74A7F20F5765C0006231C /* Frameworks */,
				D1B74A8020F5765C0006231C /* Resources */,
			);
			buildRules = (
			);
			dependencies = (
				D1B74A8520F5765C0006231C /* PBXTargetDependency */,
			);
			name = KRIndicatorControllerTests;
			productName = KRIndicatorControllerTests;
			productReference = D1B74A8220F5765C0006231C /* KRIndicatorControllerTests.xctest */;
			productType = "com.apple.product-type.bundle.unit-test";
		};
		D1B74AA120F58DDE0006231C /* KRIndicatorControllerExample */ = {
			isa = PBXNativeTarget;
			buildConfigurationList = D1B74AB120F58DE10006231C /* Build configuration list for PBXNativeTarget "KRIndicatorControllerExample" */;
			buildPhases = (
				D1B74A9E20F58DDE0006231C /* Sources */,
				D1B74A9F20F58DDE0006231C /* Frameworks */,
				D1B74AA020F58DDE0006231C /* Resources */,
			);
			buildRules = (
			);
			dependencies = (
			);
			name = KRIndicatorControllerExample;
			productName = KRIndicatorControllerExample;
			productReference = D1B74AA220F58DDE0006231C /* KRIndicatorControllerExample.app */;
			productType = "com.apple.product-type.application";
		};
/* End PBXNativeTarget section */

/* Begin PBXProject section */
		D1B74A7020F5765C0006231C /* Project object */ = {
			isa = PBXProject;
			attributes = {
				LastSwiftUpdateCheck = 0940;
				LastUpgradeCheck = 0940;
				ORGANIZATIONNAME = Knowre;
				TargetAttributes = {
					D1B74A7820F5765C0006231C = {
						CreatedOnToolsVersion = 9.4.1;
						LastSwiftMigration = 0940;
					};
					D1B74A8120F5765C0006231C = {
						CreatedOnToolsVersion = 9.4.1;
					};
					D1B74AA120F58DDE0006231C = {
						CreatedOnToolsVersion = 9.4.1;
					};
				};
			};
			buildConfigurationList = D1B74A7320F5765C0006231C /* Build configuration list for PBXProject "KRIndicatorController" */;
			compatibilityVersion = "Xcode 9.3";
			developmentRegion = en;
			hasScannedForEncodings = 0;
			knownRegions = (
				en,
				Base,
			);
			mainGroup = D1B74A6F20F5765C0006231C;
			productRefGroup = D1B74A7A20F5765C0006231C /* Products */;
			projectDirPath = "";
			projectRoot = "";
			targets = (
				D1B74A7820F5765C0006231C /* KRIndicatorController */,
				D1B74A8120F5765C0006231C /* KRIndicatorControllerTests */,
				D1B74AA120F58DDE0006231C /* KRIndicatorControllerExample */,
			);
		};
/* End PBXProject section */

/* Begin PBXResourcesBuildPhase section */
		D1B74A7720F5765C0006231C /* Resources */ = {
			isa = PBXResourcesBuildPhase;
			buildActionMask = 2147483647;
			files = (
			);
			runOnlyForDeploymentPostprocessing = 0;
		};
		D1B74A8020F5765C0006231C /* Resources */ = {
			isa = PBXResourcesBuildPhase;
			buildActionMask = 2147483647;
			files = (
			);
			runOnlyForDeploymentPostprocessing = 0;
		};
		D1B74AA020F58DDE0006231C /* Resources */ = {
			isa = PBXResourcesBuildPhase;
			buildActionMask = 2147483647;
			files = (
				D1B74AAF20F58DE10006231C /* LaunchScreen.storyboard in Resources */,
				D1B74AAC20F58DE10006231C /* Assets.xcassets in Resources */,
				D1B74AAA20F58DDE0006231C /* Main.storyboard in Resources */,
			);
			runOnlyForDeploymentPostprocessing = 0;
		};
/* End PBXResourcesBuildPhase section */

/* Begin PBXSourcesBuildPhase section */
		D1B74A7420F5765C0006231C /* Sources */ = {
			isa = PBXSourcesBuildPhase;
			buildActionMask = 2147483647;
			files = (
				D1B74A9A20F579480006231C /* DefaultIndicator.swift in Sources */,
				D1B74A9820F578DC0006231C /* IndicatorItem.swift in Sources */,
				D1B74A9420F576C90006231C /* IndicatorController.swift in Sources */,
			);
			runOnlyForDeploymentPostprocessing = 0;
		};
		D1B74A7E20F5765C0006231C /* Sources */ = {
			isa = PBXSourcesBuildPhase;
			buildActionMask = 2147483647;
			files = (
				D1B74A8820F5765C0006231C /* KRIndicatorControllerTests.swift in Sources */,
			);
			runOnlyForDeploymentPostprocessing = 0;
		};
		D1B74A9E20F58DDE0006231C /* Sources */ = {
			isa = PBXSourcesBuildPhase;
			buildActionMask = 2147483647;
			files = (
				D1B74AA720F58DDE0006231C /* ViewController.swift in Sources */,
				D1B74AA520F58DDE0006231C /* AppDelegate.swift in Sources */,
				D1B74AB520F594D40006231C /* CustomIndicator.swift in Sources */,
			);
			runOnlyForDeploymentPostprocessing = 0;
		};
/* End PBXSourcesBuildPhase section */

/* Begin PBXTargetDependency section */
		D1B74A8520F5765C0006231C /* PBXTargetDependency */ = {
			isa = PBXTargetDependency;
			target = D1B74A7820F5765C0006231C /* KRIndicatorController */;
			targetProxy = D1B74A8420F5765C0006231C /* PBXContainerItemProxy */;
		};
/* End PBXTargetDependency section */

/* Begin PBXVariantGroup section */
		D1B74AA820F58DDE0006231C /* Main.storyboard */ = {
			isa = PBXVariantGroup;
			children = (
				D1B74AA920F58DDE0006231C /* Base */,
			);
			name = Main.storyboard;
			sourceTree = "<group>";
		};
		D1B74AAD20F58DE10006231C /* LaunchScreen.storyboard */ = {
			isa = PBXVariantGroup;
			children = (
				D1B74AAE20F58DE10006231C /* Base */,
			);
			name = LaunchScreen.storyboard;
			sourceTree = "<group>";
		};
/* End PBXVariantGroup section */

/* Begin XCBuildConfiguration section */
		D1B74A8B20F5765C0006231C /* Debug */ = {
			isa = XCBuildConfiguration;
			buildSettings = {
				ALWAYS_SEARCH_USER_PATHS = NO;
				CLANG_ANALYZER_NONNULL = YES;
				CLANG_ANALYZER_NUMBER_OBJECT_CONVERSION = YES_AGGRESSIVE;
				CLANG_CXX_LANGUAGE_STANDARD = "gnu++14";
				CLANG_CXX_LIBRARY = "libc++";
				CLANG_ENABLE_MODULES = YES;
				CLANG_ENABLE_OBJC_ARC = YES;
				CLANG_ENABLE_OBJC_WEAK = YES;
				CLANG_WARN_BLOCK_CAPTURE_AUTORELEASING = YES;
				CLANG_WARN_BOOL_CONVERSION = YES;
				CLANG_WARN_COMMA = YES;
				CLANG_WARN_CONSTANT_CONVERSION = YES;
				CLANG_WARN_DEPRECATED_OBJC_IMPLEMENTATIONS = YES;
				CLANG_WARN_DIRECT_OBJC_ISA_USAGE = YES_ERROR;
				CLANG_WARN_DOCUMENTATION_COMMENTS = YES;
				CLANG_WARN_EMPTY_BODY = YES;
				CLANG_WARN_ENUM_CONVERSION = YES;
				CLANG_WARN_INFINITE_RECURSION = YES;
				CLANG_WARN_INT_CONVERSION = YES;
				CLANG_WARN_NON_LITERAL_NULL_CONVERSION = YES;
				CLANG_WARN_OBJC_IMPLICIT_RETAIN_SELF = YES;
				CLANG_WARN_OBJC_LITERAL_CONVERSION = YES;
				CLANG_WARN_OBJC_ROOT_CLASS = YES_ERROR;
				CLANG_WARN_RANGE_LOOP_ANALYSIS = YES;
				CLANG_WARN_STRICT_PROTOTYPES = YES;
				CLANG_WARN_SUSPICIOUS_MOVE = YES;
				CLANG_WARN_UNGUARDED_AVAILABILITY = YES_AGGRESSIVE;
				CLANG_WARN_UNREACHABLE_CODE = YES;
				CLANG_WARN__DUPLICATE_METHOD_MATCH = YES;
				CODE_SIGN_IDENTITY = "iPhone Developer";
				COPY_PHASE_STRIP = NO;
				CURRENT_PROJECT_VERSION = 1;
				DEBUG_INFORMATION_FORMAT = dwarf;
				ENABLE_STRICT_OBJC_MSGSEND = YES;
				ENABLE_TESTABILITY = YES;
				GCC_C_LANGUAGE_STANDARD = gnu11;
				GCC_DYNAMIC_NO_PIC = NO;
				GCC_NO_COMMON_BLOCKS = YES;
				GCC_OPTIMIZATION_LEVEL = 0;
				GCC_PREPROCESSOR_DEFINITIONS = (
					"DEBUG=1",
					"$(inherited)",
				);
				GCC_WARN_64_TO_32_BIT_CONVERSION = YES;
				GCC_WARN_ABOUT_RETURN_TYPE = YES_ERROR;
				GCC_WARN_UNDECLARED_SELECTOR = YES;
				GCC_WARN_UNINITIALIZED_AUTOS = YES_AGGRESSIVE;
				GCC_WARN_UNUSED_FUNCTION = YES;
				GCC_WARN_UNUSED_VARIABLE = YES;
				IPHONEOS_DEPLOYMENT_TARGET = 11.4;
				MTL_ENABLE_DEBUG_INFO = YES;
				ONLY_ACTIVE_ARCH = YES;
				SDKROOT = iphoneos;
				SWIFT_ACTIVE_COMPILATION_CONDITIONS = DEBUG;
				SWIFT_OPTIMIZATION_LEVEL = "-Onone";
				VERSIONING_SYSTEM = "apple-generic";
				VERSION_INFO_PREFIX = "";
			};
			name = Debug;
		};
		D1B74A8C20F5765C0006231C /* Release */ = {
			isa = XCBuildConfiguration;
			buildSettings = {
				ALWAYS_SEARCH_USER_PATHS = NO;
				CLANG_ANALYZER_NONNULL = YES;
				CLANG_ANALYZER_NUMBER_OBJECT_CONVERSION = YES_AGGRESSIVE;
				CLANG_CXX_LANGUAGE_STANDARD = "gnu++14";
				CLANG_CXX_LIBRARY = "libc++";
				CLANG_ENABLE_MODULES = YES;
				CLANG_ENABLE_OBJC_ARC = YES;
				CLANG_ENABLE_OBJC_WEAK = YES;
				CLANG_WARN_BLOCK_CAPTURE_AUTORELEASING = YES;
				CLANG_WARN_BOOL_CONVERSION = YES;
				CLANG_WARN_COMMA = YES;
				CLANG_WARN_CONSTANT_CONVERSION = YES;
				CLANG_WARN_DEPRECATED_OBJC_IMPLEMENTATIONS = YES;
				CLANG_WARN_DIRECT_OBJC_ISA_USAGE = YES_ERROR;
				CLANG_WARN_DOCUMENTATION_COMMENTS = YES;
				CLANG_WARN_EMPTY_BODY = YES;
				CLANG_WARN_ENUM_CONVERSION = YES;
				CLANG_WARN_INFINITE_RECURSION = YES;
				CLANG_WARN_INT_CONVERSION = YES;
				CLANG_WARN_NON_LITERAL_NULL_CONVERSION = YES;
				CLANG_WARN_OBJC_IMPLICIT_RETAIN_SELF = YES;
				CLANG_WARN_OBJC_LITERAL_CONVERSION = YES;
				CLANG_WARN_OBJC_ROOT_CLASS = YES_ERROR;
				CLANG_WARN_RANGE_LOOP_ANALYSIS = YES;
				CLANG_WARN_STRICT_PROTOTYPES = YES;
				CLANG_WARN_SUSPICIOUS_MOVE = YES;
				CLANG_WARN_UNGUARDED_AVAILABILITY = YES_AGGRESSIVE;
				CLANG_WARN_UNREACHABLE_CODE = YES;
				CLANG_WARN__DUPLICATE_METHOD_MATCH = YES;
				CODE_SIGN_IDENTITY = "iPhone Developer";
				COPY_PHASE_STRIP = NO;
				CURRENT_PROJECT_VERSION = 1;
				DEBUG_INFORMATION_FORMAT = "dwarf-with-dsym";
				ENABLE_NS_ASSERTIONS = NO;
				ENABLE_STRICT_OBJC_MSGSEND = YES;
				GCC_C_LANGUAGE_STANDARD = gnu11;
				GCC_NO_COMMON_BLOCKS = YES;
				GCC_WARN_64_TO_32_BIT_CONVERSION = YES;
				GCC_WARN_ABOUT_RETURN_TYPE = YES_ERROR;
				GCC_WARN_UNDECLARED_SELECTOR = YES;
				GCC_WARN_UNINITIALIZED_AUTOS = YES_AGGRESSIVE;
				GCC_WARN_UNUSED_FUNCTION = YES;
				GCC_WARN_UNUSED_VARIABLE = YES;
				IPHONEOS_DEPLOYMENT_TARGET = 11.4;
				MTL_ENABLE_DEBUG_INFO = NO;
				SDKROOT = iphoneos;
				SWIFT_COMPILATION_MODE = wholemodule;
				SWIFT_OPTIMIZATION_LEVEL = "-O";
				VALIDATE_PRODUCT = YES;
				VERSIONING_SYSTEM = "apple-generic";
				VERSION_INFO_PREFIX = "";
			};
			name = Release;
		};
		D1B74A8E20F5765C0006231C /* Debug */ = {
			isa = XCBuildConfiguration;
			buildSettings = {
				CLANG_ENABLE_MODULES = YES;
				CODE_SIGN_IDENTITY = "";
				CODE_SIGN_STYLE = Automatic;
				DEFINES_MODULE = YES;
				DEVELOPMENT_TEAM = 8HCBQJDHQ6;
				DYLIB_COMPATIBILITY_VERSION = 1;
				DYLIB_CURRENT_VERSION = 1;
				DYLIB_INSTALL_NAME_BASE = "@rpath";
				INFOPLIST_FILE = KRIndicatorController/Info.plist;
				INSTALL_PATH = "$(LOCAL_LIBRARY_DIR)/Frameworks";
				IPHONEOS_DEPLOYMENT_TARGET = 9.0;
				LD_RUNPATH_SEARCH_PATHS = (
					"$(inherited)",
					"@executable_path/Frameworks",
					"@loader_path/Frameworks",
				);
				PRODUCT_BUNDLE_IDENTIFIER = com.knowre.KRIndicatorController;
				PRODUCT_NAME = "$(TARGET_NAME:c99extidentifier)";
				SKIP_INSTALL = YES;
				SWIFT_OPTIMIZATION_LEVEL = "-Onone";
				SWIFT_VERSION = 4.0;
				TARGETED_DEVICE_FAMILY = "1,2";
			};
			name = Debug;
		};
		D1B74A8F20F5765C0006231C /* Release */ = {
			isa = XCBuildConfiguration;
			buildSettings = {
				CLANG_ENABLE_MODULES = YES;
				CODE_SIGN_IDENTITY = "";
				CODE_SIGN_STYLE = Automatic;
				DEFINES_MODULE = YES;
				DEVELOPMENT_TEAM = 8HCBQJDHQ6;
				DYLIB_COMPATIBILITY_VERSION = 1;
				DYLIB_CURRENT_VERSION = 1;
				DYLIB_INSTALL_NAME_BASE = "@rpath";
				INFOPLIST_FILE = KRIndicatorController/Info.plist;
				INSTALL_PATH = "$(LOCAL_LIBRARY_DIR)/Frameworks";
				IPHONEOS_DEPLOYMENT_TARGET = 9.0;
				LD_RUNPATH_SEARCH_PATHS = (
					"$(inherited)",
					"@executable_path/Frameworks",
					"@loader_path/Frameworks",
				);
				PRODUCT_BUNDLE_IDENTIFIER = com.knowre.KRIndicatorController;
				PRODUCT_NAME = "$(TARGET_NAME:c99extidentifier)";
				SKIP_INSTALL = YES;
				SWIFT_VERSION = 4.0;
				TARGETED_DEVICE_FAMILY = "1,2";
			};
			name = Release;
		};
		D1B74A9120F5765C0006231C /* Debug */ = {
			isa = XCBuildConfiguration;
			buildSettings = {
				ALWAYS_EMBED_SWIFT_STANDARD_LIBRARIES = YES;
				CODE_SIGN_STYLE = Automatic;
				DEVELOPMENT_TEAM = 8HCBQJDHQ6;
				INFOPLIST_FILE = KRIndicatorControllerTests/Info.plist;
				LD_RUNPATH_SEARCH_PATHS = (
					"$(inherited)",
					"@executable_path/Frameworks",
					"@loader_path/Frameworks",
				);
				PRODUCT_BUNDLE_IDENTIFIER = com.knowre.KRIndicatorControllerTests;
				PRODUCT_NAME = "$(TARGET_NAME)";
				SWIFT_VERSION = 4.0;
				TARGETED_DEVICE_FAMILY = "1,2";
			};
			name = Debug;
		};
		D1B74A9220F5765C0006231C /* Release */ = {
			isa = XCBuildConfiguration;
			buildSettings = {
				ALWAYS_EMBED_SWIFT_STANDARD_LIBRARIES = YES;
				CODE_SIGN_STYLE = Automatic;
				DEVELOPMENT_TEAM = 8HCBQJDHQ6;
				INFOPLIST_FILE = KRIndicatorControllerTests/Info.plist;
				LD_RUNPATH_SEARCH_PATHS = (
					"$(inherited)",
					"@executable_path/Frameworks",
					"@loader_path/Frameworks",
				);
				PRODUCT_BUNDLE_IDENTIFIER = com.knowre.KRIndicatorControllerTests;
				PRODUCT_NAME = "$(TARGET_NAME)";
				SWIFT_VERSION = 4.0;
				TARGETED_DEVICE_FAMILY = "1,2";
			};
			name = Release;
		};
		D1B74AB220F58DE10006231C /* Debug */ = {
			isa = XCBuildConfiguration;
			buildSettings = {
				ASSETCATALOG_COMPILER_APPICON_NAME = AppIcon;
				CODE_SIGN_STYLE = Automatic;
				DEVELOPMENT_TEAM = 8HCBQJDHQ6;
				INFOPLIST_FILE = KRIndicatorControllerExample/Info.plist;
				LD_RUNPATH_SEARCH_PATHS = (
					"$(inherited)",
					"@executable_path/Frameworks",
				);
				PRODUCT_BUNDLE_IDENTIFIER = com.knowre.KRIndicatorControllerExample;
				PRODUCT_NAME = "$(TARGET_NAME)";
				SWIFT_VERSION = 4.0;
				TARGETED_DEVICE_FAMILY = "1,2";
			};
			name = Debug;
		};
		D1B74AB320F58DE10006231C /* Release */ = {
			isa = XCBuildConfiguration;
			buildSettings = {
				ASSETCATALOG_COMPILER_APPICON_NAME = AppIcon;
				CODE_SIGN_STYLE = Automatic;
				DEVELOPMENT_TEAM = 8HCBQJDHQ6;
				INFOPLIST_FILE = KRIndicatorControllerExample/Info.plist;
				LD_RUNPATH_SEARCH_PATHS = (
					"$(inherited)",
					"@executable_path/Frameworks",
				);
				PRODUCT_BUNDLE_IDENTIFIER = com.knowre.KRIndicatorControllerExample;
				PRODUCT_NAME = "$(TARGET_NAME)";
				SWIFT_VERSION = 4.0;
				TARGETED_DEVICE_FAMILY = "1,2";
			};
			name = Release;
		};
/* End XCBuildConfiguration section */

/* Begin XCConfigurationList section */
		D1B74A7320F5765C0006231C /* Build configuration list for PBXProject "KRIndicatorController" */ = {
			isa = XCConfigurationList;
			buildConfigurations = (
				D1B74A8B20F5765C0006231C /* Debug */,
				D1B74A8C20F5765C0006231C /* Release */,
			);
			defaultConfigurationIsVisible = 0;
			defaultConfigurationName = Release;
		};
		D1B74A8D20F5765C0006231C /* Build configuration list for PBXNativeTarget "KRIndicatorController" */ = {
			isa = XCConfigurationList;
			buildConfigurations = (
				D1B74A8E20F5765C0006231C /* Debug */,
				D1B74A8F20F5765C0006231C /* Release */,
			);
			defaultConfigurationIsVisible = 0;
			defaultConfigurationName = Release;
		};
		D1B74A9020F5765C0006231C /* Build configuration list for PBXNativeTarget "KRIndicatorControllerTests" */ = {
			isa = XCConfigurationList;
			buildConfigurations = (
				D1B74A9120F5765C0006231C /* Debug */,
				D1B74A9220F5765C0006231C /* Release */,
			);
			defaultConfigurationIsVisible = 0;
			defaultConfigurationName = Release;
		};
		D1B74AB120F58DE10006231C /* Build configuration list for PBXNativeTarget "KRIndicatorControllerExample" */ = {
			isa = XCConfigurationList;
			buildConfigurations = (
				D1B74AB220F58DE10006231C /* Debug */,
				D1B74AB320F58DE10006231C /* Release */,
			);
			defaultConfigurationIsVisible = 0;
			defaultConfigurationName = Release;
		};
/* End XCConfigurationList section */
	};
	rootObject = D1B74A7020F5765C0006231C /* Project object */;
}
